
Microsoft Visual Studio Solution File, Format Version 12.00
Project("{2150E333-8FDC-42A3-9474-1A3956D46DE8}") = "00.Packages", "00.Packages", "{F0224A4D-9A67-44D2-AF6C-CE012E3FD39F}"
EndProject
Project("{2150E333-8FDC-42A3-9474-1A3956D46DE8}") = "01.Core", "01.Core", "{C1A2D746-D3BC-4C94-BB02-8AD1668A25B5}"
EndProject
Project("{2150E333-8FDC-42A3-9474-1A3956D46DE8}") = "02.Infrastrucure", "02.Infrastrucure", "{B474CEDE-7F93-4222-B546-B0798C71CE96}"
EndProject
Project("{FAE04EC0-301F-11D3-BF4B-00C04F79EFBC}") = "MovieClub.Contracts", "MovieClub.Contracts\MovieClub.Contracts.csproj", "{368E310C-5EDA-4D07-80C4-3D30E20A9FCC}"
EndProject
Project("{FAE04EC0-301F-11D3-BF4B-00C04F79EFBC}") = "MovieClub.Entities", "MovieClub.Entities\MovieClub.Entities.csproj", "{9AE5FF9A-ED16-48A6-B483-265E378FF98C}"
EndProject
Project("{FAE04EC0-301F-11D3-BF4B-00C04F79EFBC}") = "MovieClub.Services", "MovieClub.Services\MovieClub.Services.csproj", "{216DBC95-F3FB-49B1-9649-1995C91F12F5}"
EndProject
Project("{2150E333-8FDC-42A3-9474-1A3956D46DE8}") = "03.Persentation", "03.Persentation", "{F24B86F8-B272-435E-BCEE-8D12A1E214B4}"
EndProject
Project("{FAE04EC0-301F-11D3-BF4B-00C04F79EFBC}") = "MovieClub.Persistance.EF", "MovieClub.Persistance.EF\MovieClub.Persistance.EF.csproj", "{114A4C20-A448-4C4F-ABB7-980502F9BE4D}"
EndProject
Project("{FAE04EC0-301F-11D3-BF4B-00C04F79EFBC}") = "MovieClub.Migrations", "MovieClub.Migrations\MovieClub.Migrations.csproj", "{3C33B76E-FE9C-417C-9843-4F3D2E19D8A6}"
EndProject
Project("{FAE04EC0-301F-11D3-BF4B-00C04F79EFBC}") = "MovieClub.RestApi", "MovieClub.RestApi\MovieClub.RestApi.csproj", "{C9B4CF26-EEE6-4FEE-8AF3-DF445D0330D1}"
EndProject
Project("{2150E333-8FDC-42A3-9474-1A3956D46DE8}") = "Src", "Src", "{03A4A652-0A14-46BB-BE63-17B094A306FE}"
EndProject
Project("{2150E333-8FDC-42A3-9474-1A3956D46DE8}") = "Tests", "Tests", "{1D8AE5DD-B933-40BD-A8C3-EB009DA68503}"
EndProject
Project("{FAE04EC0-301F-11D3-BF4B-00C04F79EFBC}") = "MovieClub.test.Tools", "MovieClub.test.Tools\MovieClub.test.Tools.csproj", "{FC43FDD3-E023-4002-9131-6388C9B41115}"
EndProject
Project("{FAE04EC0-301F-11D3-BF4B-00C04F79EFBC}") = "MovieClub.Srvices.Unit.Testss", "MovieClub.Srvices.Unit.Testss\MovieClub.Srvices.Unit.Testss.csproj", "{9268932C-3407-49F8-A9B1-464F2BA1973B}"
EndProject
Global
	GlobalSection(SolutionConfigurationPlatforms) = preSolution
		Debug|Any CPU = Debug|Any CPU
		Release|Any CPU = Release|Any CPU
	EndGlobalSection
	GlobalSection(NestedProjects) = preSolution
		{368E310C-5EDA-4D07-80C4-3D30E20A9FCC} = {F0224A4D-9A67-44D2-AF6C-CE012E3FD39F}
		{9AE5FF9A-ED16-48A6-B483-265E378FF98C} = {C1A2D746-D3BC-4C94-BB02-8AD1668A25B5}
		{216DBC95-F3FB-49B1-9649-1995C91F12F5} = {C1A2D746-D3BC-4C94-BB02-8AD1668A25B5}
		{114A4C20-A448-4C4F-ABB7-980502F9BE4D} = {B474CEDE-7F93-4222-B546-B0798C71CE96}
		{3C33B76E-FE9C-417C-9843-4F3D2E19D8A6} = {B474CEDE-7F93-4222-B546-B0798C71CE96}
		{C9B4CF26-EEE6-4FEE-8AF3-DF445D0330D1} = {F24B86F8-B272-435E-BCEE-8D12A1E214B4}
		{F0224A4D-9A67-44D2-AF6C-CE012E3FD39F} = {03A4A652-0A14-46BB-BE63-17B094A306FE}
		{C1A2D746-D3BC-4C94-BB02-8AD1668A25B5} = {03A4A652-0A14-46BB-BE63-17B094A306FE}
		{B474CEDE-7F93-4222-B546-B0798C71CE96} = {03A4A652-0A14-46BB-BE63-17B094A306FE}
		{F24B86F8-B272-435E-BCEE-8D12A1E214B4} = {03A4A652-0A14-46BB-BE63-17B094A306FE}
		{FC43FDD3-E023-4002-9131-6388C9B41115} = {1D8AE5DD-B933-40BD-A8C3-EB009DA68503}
		{9268932C-3407-49F8-A9B1-464F2BA1973B} = {1D8AE5DD-B933-40BD-A8C3-EB009DA68503}
	EndGlobalSection
	GlobalSection(ProjectConfigurationPlatforms) = postSolution
		{368E310C-5EDA-4D07-80C4-3D30E20A9FCC}.Debug|Any CPU.ActiveCfg = Debug|Any CPU
		{368E310C-5EDA-4D07-80C4-3D30E20A9FCC}.Debug|Any CPU.Build.0 = Debug|Any CPU
		{368E310C-5EDA-4D07-80C4-3D30E20A9FCC}.Release|Any CPU.ActiveCfg = Release|Any CPU
		{368E310C-5EDA-4D07-80C4-3D30E20A9FCC}.Release|Any CPU.Build.0 = Release|Any CPU
		{9AE5FF9A-ED16-48A6-B483-265E378FF98C}.Debug|Any CPU.ActiveCfg = Debug|Any CPU
		{9AE5FF9A-ED16-48A6-B483-265E378FF98C}.Debug|Any CPU.Build.0 = Debug|Any CPU
		{9AE5FF9A-ED16-48A6-B483-265E378FF98C}.Release|Any CPU.ActiveCfg = Release|Any CPU
		{9AE5FF9A-ED16-48A6-B483-265E378FF98C}.Release|Any CPU.Build.0 = Release|Any CPU
		{216DBC95-F3FB-49B1-9649-1995C91F12F5}.Debug|Any CPU.ActiveCfg = Debug|Any CPU
		{216DBC95-F3FB-49B1-9649-1995C91F12F5}.Debug|Any CPU.Build.0 = Debug|Any CPU
		{216DBC95-F3FB-49B1-9649-1995C91F12F5}.Release|Any CPU.ActiveCfg = Release|Any CPU
		{216DBC95-F3FB-49B1-9649-1995C91F12F5}.Release|Any CPU.Build.0 = Release|Any CPU
		{114A4C20-A448-4C4F-ABB7-980502F9BE4D}.Debug|Any CPU.ActiveCfg = Debug|Any CPU
		{114A4C20-A448-4C4F-ABB7-980502F9BE4D}.Debug|Any CPU.Build.0 = Debug|Any CPU
		{114A4C20-A448-4C4F-ABB7-980502F9BE4D}.Release|Any CPU.ActiveCfg = Release|Any CPU
		{114A4C20-A448-4C4F-ABB7-980502F9BE4D}.Release|Any CPU.Build.0 = Release|Any CPU
		{3C33B76E-FE9C-417C-9843-4F3D2E19D8A6}.Debug|Any CPU.ActiveCfg = Debug|Any CPU
		{3C33B76E-FE9C-417C-9843-4F3D2E19D8A6}.Debug|Any CPU.Build.0 = Debug|Any CPU
		{3C33B76E-FE9C-417C-9843-4F3D2E19D8A6}.Release|Any CPU.ActiveCfg = Release|Any CPU
		{3C33B76E-FE9C-417C-9843-4F3D2E19D8A6}.Release|Any CPU.Build.0 = Release|Any CPU
		{C9B4CF26-EEE6-4FEE-8AF3-DF445D0330D1}.Debug|Any CPU.ActiveCfg = Debug|Any CPU
		{C9B4CF26-EEE6-4FEE-8AF3-DF445D0330D1}.Debug|Any CPU.Build.0 = Debug|Any CPU
		{C9B4CF26-EEE6-4FEE-8AF3-DF445D0330D1}.Release|Any CPU.ActiveCfg = Release|Any CPU
		{C9B4CF26-EEE6-4FEE-8AF3-DF445D0330D1}.Release|Any CPU.Build.0 = Release|Any CPU
		{FC43FDD3-E023-4002-9131-6388C9B41115}.Debug|Any CPU.ActiveCfg = Debug|Any CPU
		{FC43FDD3-E023-4002-9131-6388C9B41115}.Debug|Any CPU.Build.0 = Debug|Any CPU
		{FC43FDD3-E023-4002-9131-6388C9B41115}.Release|Any CPU.ActiveCfg = Release|Any CPU
		{FC43FDD3-E023-4002-9131-6388C9B41115}.Release|Any CPU.Build.0 = Release|Any CPU
		{9268932C-3407-49F8-A9B1-464F2BA1973B}.Debug|Any CPU.ActiveCfg = Debug|Any CPU
		{9268932C-3407-49F8-A9B1-464F2BA1973B}.Debug|Any CPU.Build.0 = Debug|Any CPU
		{9268932C-3407-49F8-A9B1-464F2BA1973B}.Release|Any CPU.ActiveCfg = Release|Any CPU
		{9268932C-3407-49F8-A9B1-464F2BA1973B}.Release|Any CPU.Build.0 = Release|Any CPU
	EndGlobalSection
EndGlobal
